
Microsoft Visual Studio Solution File, Format Version 12.00
# Visual Studio Version 16
VisualStudioVersion = 25.0.1705.3
MinimumVisualStudioVersion = 10.0.40219.1
Project("{FAE04EC0-301F-11D3-BF4B-00C04F79EFBC}") = "uzduotis01", "uzduotis01\uzduotis01.csproj", "{F9AD0C9E-D689-4896-AAE8-7231DCAC1AB0}"
EndProject
Project("{FAE04EC0-301F-11D3-BF4B-00C04F79EFBC}") = "uzduotis02", "uzduotis02\uzduotis02.csproj", "{A8B439BC-AEC5-4245-8A39-B418D86AAB65}"
EndProject
Project("{FAE04EC0-301F-11D3-BF4B-00C04F79EFBC}") = "uzduotis03", "uzduotis03\uzduotis03.csproj", "{2E5ADB5E-0760-48B8-8D24-8A2056B8AE37}"
EndProject
Project("{FAE04EC0-301F-11D3-BF4B-00C04F79EFBC}") = "uzduotis04", "uzduotis04\uzduotis04.csproj", "{8C36E6A8-569F-4F99-90FA-A93E88F568C0}"
EndProject
Project("{FAE04EC0-301F-11D3-BF4B-00C04F79EFBC}") = "uzduotis05", "uzduotis05\uzduotis05.csproj", "{B2DC620D-ABA8-4215-BBFC-51153F23A759}"
EndProject
Project("{FAE04EC0-301F-11D3-BF4B-00C04F79EFBC}") = "uzduotis06", "uzduotis06\uzduotis06.csproj", "{5AED95DA-6274-4B8B-8B63-C35477BD1BB6}"
EndProject
Project("{FAE04EC0-301F-11D3-BF4B-00C04F79EFBC}") = "uzduotis07", "uzduotis07\uzduotis07.csproj", "{67370C17-7299-425D-B070-8B43C3C1D305}"
EndProject
Project("{FAE04EC0-301F-11D3-BF4B-00C04F79EFBC}") = "uzduotis08", "uzduotis08\uzduotis08.csproj", "{46DC3ACA-A406-47EC-87A8-28B1F8D56B79}"
EndProject
Project("{FAE04EC0-301F-11D3-BF4B-00C04F79EFBC}") = "uzduotis09", "uzduotis09\uzduotis09.csproj", "{364889A2-4155-45C1-972F-930A9F7575BC}"
EndProject
Project("{FAE04EC0-301F-11D3-BF4B-00C04F79EFBC}") = "uzduotis10", "uzduotis10\uzduotis10.csproj", "{3CD8C412-52C2-4B9E-AEED-9600AE5DDD0D}"
EndProject
Project("{FAE04EC0-301F-11D3-BF4B-00C04F79EFBC}") = "uzduotis11", "uzduotis11\uzduotis11.csproj", "{D36A28D1-283A-4DEF-B1AA-29B0E9E5CF56}"
EndProject
Project("{FAE04EC0-301F-11D3-BF4B-00C04F79EFBC}") = "uzduotis12", "uzduotis12\uzduotis12.csproj", "{BF732AFF-DC2B-4BFE-9487-33F6EF177D21}"
EndProject
Project("{FAE04EC0-301F-11D3-BF4B-00C04F79EFBC}") = "uzduotis20", "uzduotis20\uzduotis20.csproj", "{8679E1D9-1A55-43C0-A6F6-BE1AB5597796}"
EndProject
Project("{FAE04EC0-301F-11D3-BF4B-00C04F79EFBC}") = "uzduotis28", "uzduotis28\uzduotis28.csproj", "{243AFEBC-16A7-4AE3-8DBB-1C759378E1A9}"
EndProject
Project("{FAE04EC0-301F-11D3-BF4B-00C04F79EFBC}") = "uzduotis29", "uzduotis29\uzduotis29.csproj", "{5539C983-F04E-46A6-99E2-7D405F5BBD54}"
EndProject
Global
	GlobalSection(SolutionConfigurationPlatforms) = preSolution
		Debug|Any CPU = Debug|Any CPU
		Release|Any CPU = Release|Any CPU
	EndGlobalSection
	GlobalSection(ProjectConfigurationPlatforms) = postSolution
		{F9AD0C9E-D689-4896-AAE8-7231DCAC1AB0}.Debug|Any CPU.ActiveCfg = Debug|Any CPU
		{F9AD0C9E-D689-4896-AAE8-7231DCAC1AB0}.Debug|Any CPU.Build.0 = Debug|Any CPU
		{F9AD0C9E-D689-4896-AAE8-7231DCAC1AB0}.Release|Any CPU.ActiveCfg = Release|Any CPU
		{F9AD0C9E-D689-4896-AAE8-7231DCAC1AB0}.Release|Any CPU.Build.0 = Release|Any CPU
		{A8B439BC-AEC5-4245-8A39-B418D86AAB65}.Debug|Any CPU.ActiveCfg = Debug|Any CPU
		{A8B439BC-AEC5-4245-8A39-B418D86AAB65}.Debug|Any CPU.Build.0 = Debug|Any CPU
		{A8B439BC-AEC5-4245-8A39-B418D86AAB65}.Release|Any CPU.ActiveCfg = Release|Any CPU
		{A8B439BC-AEC5-4245-8A39-B418D86AAB65}.Release|Any CPU.Build.0 = Release|Any CPU
		{2E5ADB5E-0760-48B8-8D24-8A2056B8AE37}.Debug|Any CPU.ActiveCfg = Debug|Any CPU
		{2E5ADB5E-0760-48B8-8D24-8A2056B8AE37}.Debug|Any CPU.Build.0 = Debug|Any CPU
		{2E5ADB5E-0760-48B8-8D24-8A2056B8AE37}.Release|Any CPU.ActiveCfg = Release|Any CPU
		{2E5ADB5E-0760-48B8-8D24-8A2056B8AE37}.Release|Any CPU.Build.0 = Release|Any CPU
		{8C36E6A8-569F-4F99-90FA-A93E88F568C0}.Debug|Any CPU.ActiveCfg = Debug|Any CPU
		{8C36E6A8-569F-4F99-90FA-A93E88F568C0}.Debug|Any CPU.Build.0 = Debug|Any CPU
		{8C36E6A8-569F-4F99-90FA-A93E88F568C0}.Release|Any CPU.ActiveCfg = Release|Any CPU
		{8C36E6A8-569F-4F99-90FA-A93E88F568C0}.Release|Any CPU.Build.0 = Release|Any CPU
		{B2DC620D-ABA8-4215-BBFC-51153F23A759}.Debug|Any CPU.ActiveCfg = Debug|Any CPU
		{B2DC620D-ABA8-4215-BBFC-51153F23A759}.Debug|Any CPU.Build.0 = Debug|Any CPU
		{B2DC620D-ABA8-4215-BBFC-51153F23A759}.Release|Any CPU.ActiveCfg = Release|Any CPU
		{B2DC620D-ABA8-4215-BBFC-51153F23A759}.Release|Any CPU.Build.0 = Release|Any CPU
		{5AED95DA-6274-4B8B-8B63-C35477BD1BB6}.Debug|Any CPU.ActiveCfg = Debug|Any CPU
		{5AED95DA-6274-4B8B-8B63-C35477BD1BB6}.Debug|Any CPU.Build.0 = Debug|Any CPU
		{5AED95DA-6274-4B8B-8B63-C35477BD1BB6}.Release|Any CPU.ActiveCfg = Release|Any CPU
		{5AED95DA-6274-4B8B-8B63-C35477BD1BB6}.Release|Any CPU.Build.0 = Release|Any CPU
		{67370C17-7299-425D-B070-8B43C3C1D305}.Debug|Any CPU.ActiveCfg = Debug|Any CPU
		{67370C17-7299-425D-B070-8B43C3C1D305}.Debug|Any CPU.Build.0 = Debug|Any CPU
		{67370C17-7299-425D-B070-8B43C3C1D305}.Release|Any CPU.ActiveCfg = Release|Any CPU
		{67370C17-7299-425D-B070-8B43C3C1D305}.Release|Any CPU.Build.0 = Release|Any CPU
		{46DC3ACA-A406-47EC-87A8-28B1F8D56B79}.Debug|Any CPU.ActiveCfg = Debug|Any CPU
		{46DC3ACA-A406-47EC-87A8-28B1F8D56B79}.Debug|Any CPU.Build.0 = Debug|Any CPU
		{46DC3ACA-A406-47EC-87A8-28B1F8D56B79}.Release|Any CPU.ActiveCfg = Release|Any CPU
		{46DC3ACA-A406-47EC-87A8-28B1F8D56B79}.Release|Any CPU.Build.0 = Release|Any CPU
		{364889A2-4155-45C1-972F-930A9F7575BC}.Debug|Any CPU.ActiveCfg = Debug|Any CPU
		{364889A2-4155-45C1-972F-930A9F7575BC}.Debug|Any CPU.Build.0 = Debug|Any CPU
		{364889A2-4155-45C1-972F-930A9F7575BC}.Release|Any CPU.ActiveCfg = Release|Any CPU
		{364889A2-4155-45C1-972F-930A9F7575BC}.Release|Any CPU.Build.0 = Release|Any CPU
		{3CD8C412-52C2-4B9E-AEED-9600AE5DDD0D}.Debug|Any CPU.ActiveCfg = Debug|Any CPU
		{3CD8C412-52C2-4B9E-AEED-9600AE5DDD0D}.Debug|Any CPU.Build.0 = Debug|Any CPU
		{3CD8C412-52C2-4B9E-AEED-9600AE5DDD0D}.Release|Any CPU.ActiveCfg = Release|Any CPU
		{3CD8C412-52C2-4B9E-AEED-9600AE5DDD0D}.Release|Any CPU.Build.0 = Release|Any CPU
		{D36A28D1-283A-4DEF-B1AA-29B0E9E5CF56}.Debug|Any CPU.ActiveCfg = Debug|Any CPU
		{D36A28D1-283A-4DEF-B1AA-29B0E9E5CF56}.Debug|Any CPU.Build.0 = Debug|Any CPU
		{D36A28D1-283A-4DEF-B1AA-29B0E9E5CF56}.Release|Any CPU.ActiveCfg = Release|Any CPU
		{D36A28D1-283A-4DEF-B1AA-29B0E9E5CF56}.Release|Any CPU.Build.0 = Release|Any CPU
		{BF732AFF-DC2B-4BFE-9487-33F6EF177D21}.Debug|Any CPU.ActiveCfg = Debug|Any CPU
		{BF732AFF-DC2B-4BFE-9487-33F6EF177D21}.Debug|Any CPU.Build.0 = Debug|Any CPU
		{BF732AFF-DC2B-4BFE-9487-33F6EF177D21}.Release|Any CPU.ActiveCfg = Release|Any CPU
		{BF732AFF-DC2B-4BFE-9487-33F6EF177D21}.Release|Any CPU.Build.0 = Release|Any CPU
		{8679E1D9-1A55-43C0-A6F6-BE1AB5597796}.Debug|Any CPU.ActiveCfg = Debug|Any CPU
		{8679E1D9-1A55-43C0-A6F6-BE1AB5597796}.Debug|Any CPU.Build.0 = Debug|Any CPU
		{8679E1D9-1A55-43C0-A6F6-BE1AB5597796}.Release|Any CPU.ActiveCfg = Release|Any CPU
		{8679E1D9-1A55-43C0-A6F6-BE1AB5597796}.Release|Any CPU.Build.0 = Release|Any CPU
		{243AFEBC-16A7-4AE3-8DBB-1C759378E1A9}.Debug|Any CPU.ActiveCfg = Debug|Any CPU
		{243AFEBC-16A7-4AE3-8DBB-1C759378E1A9}.Debug|Any CPU.Build.0 = Debug|Any CPU
		{243AFEBC-16A7-4AE3-8DBB-1C759378E1A9}.Release|Any CPU.ActiveCfg = Release|Any CPU
		{243AFEBC-16A7-4AE3-8DBB-1C759378E1A9}.Release|Any CPU.Build.0 = Release|Any CPU
		{5539C983-F04E-46A6-99E2-7D405F5BBD54}.Debug|Any CPU.ActiveCfg = Debug|Any CPU
		{5539C983-F04E-46A6-99E2-7D405F5BBD54}.Debug|Any CPU.Build.0 = Debug|Any CPU
		{5539C983-F04E-46A6-99E2-7D405F5BBD54}.Release|Any CPU.ActiveCfg = Release|Any CPU
		{5539C983-F04E-46A6-99E2-7D405F5BBD54}.Release|Any CPU.Build.0 = Release|Any CPU
	EndGlobalSection
	GlobalSection(SolutionProperties) = preSolution
		HideSolutionNode = FALSE
	EndGlobalSection
	GlobalSection(ExtensibilityGlobals) = postSolution
		SolutionGuid = {483D442B-92B9-4147-8BA2-A1F83B777767}
	EndGlobalSection
EndGlobal
