Microsoft Visual Studio Solution File, Format Version 12.00
# Visual Studio Version 16
VisualStudioVersion = 25.0.1705.3
MinimumVisualStudioVersion = 10.0.40219.1
Project("{FAE04EC0-301F-11D3-BF4B-00C04F79EFBC}") = "uzduotis01", "uzduotis01\uzduotis01.csproj", "{F9AD0C9E-D689-4896-AAE8-7231DCAC1AB0}"
EndProject
Project("{FAE04EC0-301F-11D3-BF4B-00C04F79EFBC}") = "uzduotis02", "uzduotis02\uzduotis02.csproj", "{A8B439BC-AEC5-4245-8A39-B418D86AAB65}"
EndProject
Project("{FAE04EC0-301F-11D3-BF4B-00C04F79EFBC}") = "uzduotis03", "uzduotis03\uzduotis03.csproj", "{2E5ADB5E-0760-48B8-8D24-8A2056B8AE37}"
EndProject
Project("{FAE04EC0-301F-11D3-BF4B-00C04F79EFBC}") = "uzduotis04", "uzduotis04\uzduotis04.csproj", "{8C36E6A8-569F-4F99-90FA-A93E88F568C0}"
EndProject
Project("{FAE04EC0-301F-11D3-BF4B-00C04F79EFBC}") = "uzduotis05", "uzduotis05\uzduotis05.csproj", "{B2DC620D-ABA8-4215-BBFC-51153F23A759}"
EndProject
Project("{FAE04EC0-301F-11D3-BF4B-00C04F79EFBC}") = "uzduotis06", "uzduotis06\uzduotis06.csproj", "{5AED95DA-6274-4B8B-8B63-C35477BD1BB6}"
EndProject
Project("{FAE04EC0-301F-11D3-BF4B-00C04F79EFBC}") = "uzduotis07", "uzduotis07\uzduotis07.csproj", "{67370C17-7299-425D-B070-8B43C3C1D305}"
EndProject
Project("{FAE04EC0-301F-11D3-BF4B-00C04F79EFBC}") = "uzduotis08", "uzduotis08\uzduotis08.csproj", "{46DC3ACA-A406-47EC-87A8-28B1F8D56B79}"
EndProject
Project("{FAE04EC0-301F-11D3-BF4B-00C04F79EFBC}") = "uzduotis09", "uzduotis09\uzduotis09.csproj", "{364889A2-4155-45C1-972F-930A9F7575BC}"
EndProject
Project("{FAE04EC0-301F-11D3-BF4B-00C04F79EFBC}") = "uzduotis10", "uzduotis10\uzduotis10.csproj", "{3CD8C412-52C2-4B9E-AEED-9600AE5DDD0D}"
EndProject
Project("{FAE04EC0-301F-11D3-BF4B-00C04F79EFBC}") = "uzduotis11", "uzduotis11\uzduotis11.csproj", "{D36A28D1-283A-4DEF-B1AA-29B0E9E5CF56}"
EndProject
Project("{FAE04EC0-301F-11D3-BF4B-00C04F79EFBC}") = "uzduotis12", "uzduotis12\uzduotis12.csproj", "{BF732AFF-DC2B-4BFE-9487-33F6EF177D21}"
EndProject
Project("{FAE04EC0-301F-11D3-BF4B-00C04F79EFBC}") = "uzduotis13", "uzduotis13\uzduotis13.csproj", "{9DC74607-8CF1-4230-BC4E-B74B9449C609}"
EndProject
Project("{FAE04EC0-301F-11D3-BF4B-00C04F79EFBC}") = "uzduotis14", "uzduotis14\uzduotis14.csproj", "{C1F3AE4A-AD88-4344-B005-8493C7ED5364}"
EndProject
Project("{FAE04EC0-301F-11D3-BF4B-00C04F79EFBC}") = "uzduotis15", "uzduotis15\uzduotis15.csproj", "{965B5491-A981-4FAB-886B-139FEBDBF3DB}"
EndProject
Project("{FAE04EC0-301F-11D3-BF4B-00C04F79EFBC}") = "uzduotis16", "uzduotis16\uzduotis16.csproj", "{639F74A6-0012-4DBA-AFC0-1569F3F64E6E}"
EndProject
Project("{FAE04EC0-301F-11D3-BF4B-00C04F79EFBC}") = "uzduotis20", "uzduotis20\uzduotis20.csproj", "{8679E1D9-1A55-43C0-A6F6-BE1AB5597796}"
EndProject
Project("{FAE04EC0-301F-11D3-BF4B-00C04F79EFBC}") = "uzduotis17", "uzduotis17\uzduotis17.csproj", "{DD6C5CAD-5659-4090-90E9-9F483EE7B26F}"
EndProject
Project("{FAE04EC0-301F-11D3-BF4B-00C04F79EFBC}") = "uzduotis18", "uzduotis18\uzduotis18.csproj", "{904F1620-B4D7-4AC2-9D7C-C46F3F7EF366}"
EndProject
Project("{FAE04EC0-301F-11D3-BF4B-00C04F79EFBC}") = "uzduotis19", "uzduotis19\uzduotis19.csproj", "{F0E0F5C0-B02A-4C5F-B9A1-BCC30AF40D5D}"
EndProject
Project("{FAE04EC0-301F-11D3-BF4B-00C04F79EFBC}") = "uzduotis28", "uzduotis28\uzduotis28.csproj", "{149F3F7E-F577-4267-A035-D67621A3BDF7}"
EndProject
Project("{FAE04EC0-301F-11D3-BF4B-00C04F79EFBC}") = "uzduotis29", "uzduotis29\uzduotis29.csproj", "{5FA6AC92-4DF6-46FD-A1AA-031A211B0D25}"
EndProject
Project("{FAE04EC0-301F-11D3-BF4B-00C04F79EFBC}") = "uzduotis30", "uzduotis30\uzduotis30.csproj", "{C339D8F1-401C-464C-96FE-86F700A141E0}"
EndProject
Project("{FAE04EC0-301F-11D3-BF4B-00C04F79EFBC}") = "uzduotis31", "uzduotis31\uzduotis31.csproj", "{D2FE2C4F-7536-4B74-9605-9AF7E1D56987}"
EndProject
Project("{FAE04EC0-301F-11D3-BF4B-00C04F79EFBC}") = "uzduotis32", "uzduotis32\uzduotis32.csproj", "{89BDFEE2-EA5D-4B0C-906F-2B2006DD7394}"
EndProject
Project("{FAE04EC0-301F-11D3-BF4B-00C04F79EFBC}") = "uzduotis33", "uzduotis33\uzduotis33.csproj", "{8F627041-7D63-481F-9462-7E99EE35DA76}"
EndProject
Project("{FAE04EC0-301F-11D3-BF4B-00C04F79EFBC}") = "uzduotis34", "uzduotis34\uzduotis34.csproj", "{23573856-8337-4736-8A69-E0FA899AC2E8}"
EndProject
Project("{FAE04EC0-301F-11D3-BF4B-00C04F79EFBC}") = "uzduotis35", "uzduotis35\uzduotis35.csproj", "{D17C54D2-A232-4AF0-A437-3842D30F6260}"
EndProject
Project("{FAE04EC0-301F-11D3-BF4B-00C04F79EFBC}") = "uzduotis36", "uzduotis36\uzduotis36.csproj", "{7237CC66-4E10-4971-B8CC-47964BE2464C}"
EndProject
Project("{FAE04EC0-301F-11D3-BF4B-00C04F79EFBC}") = "uzduotis37", "uzduotis37\uzduotis37.csproj", "{D049016A-A71F-4714-B751-8FBB841F2B47}"
EndProject
Project("{FAE04EC0-301F-11D3-BF4B-00C04F79EFBC}") = "uzduotis38", "uzduotis38\uzduotis38.csproj", "{40A04E29-E8F8-4552-9E8F-E197ADECAE36}"
EndProject
Project("{FAE04EC0-301F-11D3-BF4B-00C04F79EFBC}") = "uzduotis38_antra_dalis", "uzduotis38_antra_dalis\uzduotis38_antra_dalis.csproj", "{BD7CF8A0-CFAE-444B-9AC7-D9A76E0DAAFE}"
EndProject
Project("{FAE04EC0-301F-11D3-BF4B-00C04F79EFBC}") = "uzduotis21", "uzduotis21\uzduotis21.csproj", "{41747D90-648C-448A-B8C4-06C802670700}"
EndProject
Project("{FAE04EC0-301F-11D3-BF4B-00C04F79EFBC}") = "uzduotis22", "uzduotis22\uzduotis22.csproj", "{9E5252C2-93B0-4B3C-B3D8-5C8E847478BB}"
EndProject
Project("{FAE04EC0-301F-11D3-BF4B-00C04F79EFBC}") = "uzduotis23", "uzduotis23\uzduotis23.csproj", "{4DE7D887-9D7D-4A3D-81DF-427F79950BCC}"
EndProject
Global
	GlobalSection(SolutionConfigurationPlatforms) = preSolution
		Debug|Any CPU = Debug|Any CPU
		Release|Any CPU = Release|Any CPU
	EndGlobalSection
	GlobalSection(ProjectConfigurationPlatforms) = postSolution
		{F9AD0C9E-D689-4896-AAE8-7231DCAC1AB0}.Debug|Any CPU.ActiveCfg = Debug|Any CPU
		{F9AD0C9E-D689-4896-AAE8-7231DCAC1AB0}.Debug|Any CPU.Build.0 = Debug|Any CPU
		{F9AD0C9E-D689-4896-AAE8-7231DCAC1AB0}.Release|Any CPU.ActiveCfg = Release|Any CPU
		{F9AD0C9E-D689-4896-AAE8-7231DCAC1AB0}.Release|Any CPU.Build.0 = Release|Any CPU
		{A8B439BC-AEC5-4245-8A39-B418D86AAB65}.Debug|Any CPU.ActiveCfg = Debug|Any CPU
		{A8B439BC-AEC5-4245-8A39-B418D86AAB65}.Debug|Any CPU.Build.0 = Debug|Any CPU
		{A8B439BC-AEC5-4245-8A39-B418D86AAB65}.Release|Any CPU.ActiveCfg = Release|Any CPU
		{A8B439BC-AEC5-4245-8A39-B418D86AAB65}.Release|Any CPU.Build.0 = Release|Any CPU
		{2E5ADB5E-0760-48B8-8D24-8A2056B8AE37}.Debug|Any CPU.ActiveCfg = Debug|Any CPU
		{2E5ADB5E-0760-48B8-8D24-8A2056B8AE37}.Debug|Any CPU.Build.0 = Debug|Any CPU
		{2E5ADB5E-0760-48B8-8D24-8A2056B8AE37}.Release|Any CPU.ActiveCfg = Release|Any CPU
		{2E5ADB5E-0760-48B8-8D24-8A2056B8AE37}.Release|Any CPU.Build.0 = Release|Any CPU
		{8C36E6A8-569F-4F99-90FA-A93E88F568C0}.Debug|Any CPU.ActiveCfg = Debug|Any CPU
		{8C36E6A8-569F-4F99-90FA-A93E88F568C0}.Debug|Any CPU.Build.0 = Debug|Any CPU
		{8C36E6A8-569F-4F99-90FA-A93E88F568C0}.Release|Any CPU.ActiveCfg = Release|Any CPU
		{8C36E6A8-569F-4F99-90FA-A93E88F568C0}.Release|Any CPU.Build.0 = Release|Any CPU
		{B2DC620D-ABA8-4215-BBFC-51153F23A759}.Debug|Any CPU.ActiveCfg = Debug|Any CPU
		{B2DC620D-ABA8-4215-BBFC-51153F23A759}.Debug|Any CPU.Build.0 = Debug|Any CPU
		{B2DC620D-ABA8-4215-BBFC-51153F23A759}.Release|Any CPU.ActiveCfg = Release|Any CPU
		{B2DC620D-ABA8-4215-BBFC-51153F23A759}.Release|Any CPU.Build.0 = Release|Any CPU
		{5AED95DA-6274-4B8B-8B63-C35477BD1BB6}.Debug|Any CPU.ActiveCfg = Debug|Any CPU
		{5AED95DA-6274-4B8B-8B63-C35477BD1BB6}.Debug|Any CPU.Build.0 = Debug|Any CPU
		{5AED95DA-6274-4B8B-8B63-C35477BD1BB6}.Release|Any CPU.ActiveCfg = Release|Any CPU
		{5AED95DA-6274-4B8B-8B63-C35477BD1BB6}.Release|Any CPU.Build.0 = Release|Any CPU
		{67370C17-7299-425D-B070-8B43C3C1D305}.Debug|Any CPU.ActiveCfg = Debug|Any CPU
		{67370C17-7299-425D-B070-8B43C3C1D305}.Debug|Any CPU.Build.0 = Debug|Any CPU
		{67370C17-7299-425D-B070-8B43C3C1D305}.Release|Any CPU.ActiveCfg = Release|Any CPU
		{67370C17-7299-425D-B070-8B43C3C1D305}.Release|Any CPU.Build.0 = Release|Any CPU
		{46DC3ACA-A406-47EC-87A8-28B1F8D56B79}.Debug|Any CPU.ActiveCfg = Debug|Any CPU
		{46DC3ACA-A406-47EC-87A8-28B1F8D56B79}.Debug|Any CPU.Build.0 = Debug|Any CPU
		{46DC3ACA-A406-47EC-87A8-28B1F8D56B79}.Release|Any CPU.ActiveCfg = Release|Any CPU
		{46DC3ACA-A406-47EC-87A8-28B1F8D56B79}.Release|Any CPU.Build.0 = Release|Any CPU
		{364889A2-4155-45C1-972F-930A9F7575BC}.Debug|Any CPU.ActiveCfg = Debug|Any CPU
		{364889A2-4155-45C1-972F-930A9F7575BC}.Debug|Any CPU.Build.0 = Debug|Any CPU
		{364889A2-4155-45C1-972F-930A9F7575BC}.Release|Any CPU.ActiveCfg = Release|Any CPU
		{364889A2-4155-45C1-972F-930A9F7575BC}.Release|Any CPU.Build.0 = Release|Any CPU
		{3CD8C412-52C2-4B9E-AEED-9600AE5DDD0D}.Debug|Any CPU.ActiveCfg = Debug|Any CPU
		{3CD8C412-52C2-4B9E-AEED-9600AE5DDD0D}.Debug|Any CPU.Build.0 = Debug|Any CPU
		{3CD8C412-52C2-4B9E-AEED-9600AE5DDD0D}.Release|Any CPU.ActiveCfg = Release|Any CPU
		{3CD8C412-52C2-4B9E-AEED-9600AE5DDD0D}.Release|Any CPU.Build.0 = Release|Any CPU
		{D36A28D1-283A-4DEF-B1AA-29B0E9E5CF56}.Debug|Any CPU.ActiveCfg = Debug|Any CPU
		{D36A28D1-283A-4DEF-B1AA-29B0E9E5CF56}.Debug|Any CPU.Build.0 = Debug|Any CPU
		{D36A28D1-283A-4DEF-B1AA-29B0E9E5CF56}.Release|Any CPU.ActiveCfg = Release|Any CPU
		{D36A28D1-283A-4DEF-B1AA-29B0E9E5CF56}.Release|Any CPU.Build.0 = Release|Any CPU
		{BF732AFF-DC2B-4BFE-9487-33F6EF177D21}.Debug|Any CPU.ActiveCfg = Debug|Any CPU
		{BF732AFF-DC2B-4BFE-9487-33F6EF177D21}.Debug|Any CPU.Build.0 = Debug|Any CPU
		{BF732AFF-DC2B-4BFE-9487-33F6EF177D21}.Release|Any CPU.ActiveCfg = Release|Any CPU
		{BF732AFF-DC2B-4BFE-9487-33F6EF177D21}.Release|Any CPU.Build.0 = Release|Any CPU
		{9DC74607-8CF1-4230-BC4E-B74B9449C609}.Debug|Any CPU.ActiveCfg = Debug|Any CPU
		{9DC74607-8CF1-4230-BC4E-B74B9449C609}.Debug|Any CPU.Build.0 = Debug|Any CPU
		{9DC74607-8CF1-4230-BC4E-B74B9449C609}.Release|Any CPU.ActiveCfg = Release|Any CPU
		{9DC74607-8CF1-4230-BC4E-B74B9449C609}.Release|Any CPU.Build.0 = Release|Any CPU
		{C1F3AE4A-AD88-4344-B005-8493C7ED5364}.Debug|Any CPU.ActiveCfg = Debug|Any CPU
		{C1F3AE4A-AD88-4344-B005-8493C7ED5364}.Debug|Any CPU.Build.0 = Debug|Any CPU
		{C1F3AE4A-AD88-4344-B005-8493C7ED5364}.Release|Any CPU.ActiveCfg = Release|Any CPU
		{C1F3AE4A-AD88-4344-B005-8493C7ED5364}.Release|Any CPU.Build.0 = Release|Any CPU
		{965B5491-A981-4FAB-886B-139FEBDBF3DB}.Debug|Any CPU.ActiveCfg = Debug|Any CPU
		{965B5491-A981-4FAB-886B-139FEBDBF3DB}.Debug|Any CPU.Build.0 = Debug|Any CPU
		{965B5491-A981-4FAB-886B-139FEBDBF3DB}.Release|Any CPU.ActiveCfg = Release|Any CPU
		{965B5491-A981-4FAB-886B-139FEBDBF3DB}.Release|Any CPU.Build.0 = Release|Any CPU
		{639F74A6-0012-4DBA-AFC0-1569F3F64E6E}.Debug|Any CPU.ActiveCfg = Debug|Any CPU
		{639F74A6-0012-4DBA-AFC0-1569F3F64E6E}.Debug|Any CPU.Build.0 = Debug|Any CPU
		{639F74A6-0012-4DBA-AFC0-1569F3F64E6E}.Release|Any CPU.ActiveCfg = Release|Any CPU
		{639F74A6-0012-4DBA-AFC0-1569F3F64E6E}.Release|Any CPU.Build.0 = Release|Any CPU
		{8679E1D9-1A55-43C0-A6F6-BE1AB5597796}.Debug|Any CPU.ActiveCfg = Debug|Any CPU
		{8679E1D9-1A55-43C0-A6F6-BE1AB5597796}.Debug|Any CPU.Build.0 = Debug|Any CPU
		{8679E1D9-1A55-43C0-A6F6-BE1AB5597796}.Release|Any CPU.ActiveCfg = Release|Any CPU
		{8679E1D9-1A55-43C0-A6F6-BE1AB5597796}.Release|Any CPU.Build.0 = Release|Any CPU
		{DD6C5CAD-5659-4090-90E9-9F483EE7B26F}.Debug|Any CPU.ActiveCfg = Debug|Any CPU
		{DD6C5CAD-5659-4090-90E9-9F483EE7B26F}.Debug|Any CPU.Build.0 = Debug|Any CPU
		{DD6C5CAD-5659-4090-90E9-9F483EE7B26F}.Release|Any CPU.ActiveCfg = Release|Any CPU
		{DD6C5CAD-5659-4090-90E9-9F483EE7B26F}.Release|Any CPU.Build.0 = Release|Any CPU
		{904F1620-B4D7-4AC2-9D7C-C46F3F7EF366}.Debug|Any CPU.ActiveCfg = Debug|Any CPU
		{904F1620-B4D7-4AC2-9D7C-C46F3F7EF366}.Debug|Any CPU.Build.0 = Debug|Any CPU
		{904F1620-B4D7-4AC2-9D7C-C46F3F7EF366}.Release|Any CPU.ActiveCfg = Release|Any CPU
		{904F1620-B4D7-4AC2-9D7C-C46F3F7EF366}.Release|Any CPU.Build.0 = Release|Any CPU
		{F0E0F5C0-B02A-4C5F-B9A1-BCC30AF40D5D}.Debug|Any CPU.ActiveCfg = Debug|Any CPU
		{F0E0F5C0-B02A-4C5F-B9A1-BCC30AF40D5D}.Debug|Any CPU.Build.0 = Debug|Any CPU
		{F0E0F5C0-B02A-4C5F-B9A1-BCC30AF40D5D}.Release|Any CPU.ActiveCfg = Release|Any CPU
		{F0E0F5C0-B02A-4C5F-B9A1-BCC30AF40D5D}.Release|Any CPU.Build.0 = Release|Any CPU
		{149F3F7E-F577-4267-A035-D67621A3BDF7}.Debug|Any CPU.ActiveCfg = Debug|Any CPU
		{149F3F7E-F577-4267-A035-D67621A3BDF7}.Debug|Any CPU.Build.0 = Debug|Any CPU
		{149F3F7E-F577-4267-A035-D67621A3BDF7}.Release|Any CPU.ActiveCfg = Release|Any CPU
		{149F3F7E-F577-4267-A035-D67621A3BDF7}.Release|Any CPU.Build.0 = Release|Any CPU
		{5FA6AC92-4DF6-46FD-A1AA-031A211B0D25}.Debug|Any CPU.ActiveCfg = Debug|Any CPU
		{5FA6AC92-4DF6-46FD-A1AA-031A211B0D25}.Debug|Any CPU.Build.0 = Debug|Any CPU
		{5FA6AC92-4DF6-46FD-A1AA-031A211B0D25}.Release|Any CPU.ActiveCfg = Release|Any CPU
		{5FA6AC92-4DF6-46FD-A1AA-031A211B0D25}.Release|Any CPU.Build.0 = Release|Any CPU
		{C339D8F1-401C-464C-96FE-86F700A141E0}.Debug|Any CPU.ActiveCfg = Debug|Any CPU
		{C339D8F1-401C-464C-96FE-86F700A141E0}.Debug|Any CPU.Build.0 = Debug|Any CPU
		{C339D8F1-401C-464C-96FE-86F700A141E0}.Release|Any CPU.ActiveCfg = Release|Any CPU
		{C339D8F1-401C-464C-96FE-86F700A141E0}.Release|Any CPU.Build.0 = Release|Any CPU
		{D2FE2C4F-7536-4B74-9605-9AF7E1D56987}.Debug|Any CPU.ActiveCfg = Debug|Any CPU
		{D2FE2C4F-7536-4B74-9605-9AF7E1D56987}.Debug|Any CPU.Build.0 = Debug|Any CPU
		{D2FE2C4F-7536-4B74-9605-9AF7E1D56987}.Release|Any CPU.ActiveCfg = Release|Any CPU
		{D2FE2C4F-7536-4B74-9605-9AF7E1D56987}.Release|Any CPU.Build.0 = Release|Any CPU
		{89BDFEE2-EA5D-4B0C-906F-2B2006DD7394}.Debug|Any CPU.ActiveCfg = Debug|Any CPU
		{89BDFEE2-EA5D-4B0C-906F-2B2006DD7394}.Debug|Any CPU.Build.0 = Debug|Any CPU
		{89BDFEE2-EA5D-4B0C-906F-2B2006DD7394}.Release|Any CPU.ActiveCfg = Release|Any CPU
		{89BDFEE2-EA5D-4B0C-906F-2B2006DD7394}.Release|Any CPU.Build.0 = Release|Any CPU
		{8F627041-7D63-481F-9462-7E99EE35DA76}.Debug|Any CPU.ActiveCfg = Debug|Any CPU
		{8F627041-7D63-481F-9462-7E99EE35DA76}.Debug|Any CPU.Build.0 = Debug|Any CPU
		{8F627041-7D63-481F-9462-7E99EE35DA76}.Release|Any CPU.ActiveCfg = Release|Any CPU
		{8F627041-7D63-481F-9462-7E99EE35DA76}.Release|Any CPU.Build.0 = Release|Any CPU
		{23573856-8337-4736-8A69-E0FA899AC2E8}.Debug|Any CPU.ActiveCfg = Debug|Any CPU
		{23573856-8337-4736-8A69-E0FA899AC2E8}.Debug|Any CPU.Build.0 = Debug|Any CPU
		{23573856-8337-4736-8A69-E0FA899AC2E8}.Release|Any CPU.ActiveCfg = Release|Any CPU
		{23573856-8337-4736-8A69-E0FA899AC2E8}.Release|Any CPU.Build.0 = Release|Any CPU
		{D17C54D2-A232-4AF0-A437-3842D30F6260}.Debug|Any CPU.ActiveCfg = Debug|Any CPU
		{D17C54D2-A232-4AF0-A437-3842D30F6260}.Debug|Any CPU.Build.0 = Debug|Any CPU
		{D17C54D2-A232-4AF0-A437-3842D30F6260}.Release|Any CPU.ActiveCfg = Release|Any CPU
		{D17C54D2-A232-4AF0-A437-3842D30F6260}.Release|Any CPU.Build.0 = Release|Any CPU
		{7237CC66-4E10-4971-B8CC-47964BE2464C}.Debug|Any CPU.ActiveCfg = Debug|Any CPU
		{7237CC66-4E10-4971-B8CC-47964BE2464C}.Debug|Any CPU.Build.0 = Debug|Any CPU
		{7237CC66-4E10-4971-B8CC-47964BE2464C}.Release|Any CPU.ActiveCfg = Release|Any CPU
		{7237CC66-4E10-4971-B8CC-47964BE2464C}.Release|Any CPU.Build.0 = Release|Any CPU
		{D049016A-A71F-4714-B751-8FBB841F2B47}.Debug|Any CPU.ActiveCfg = Debug|Any CPU
		{D049016A-A71F-4714-B751-8FBB841F2B47}.Debug|Any CPU.Build.0 = Debug|Any CPU
		{D049016A-A71F-4714-B751-8FBB841F2B47}.Release|Any CPU.ActiveCfg = Release|Any CPU
		{D049016A-A71F-4714-B751-8FBB841F2B47}.Release|Any CPU.Build.0 = Release|Any CPU
		{40A04E29-E8F8-4552-9E8F-E197ADECAE36}.Debug|Any CPU.ActiveCfg = Debug|Any CPU
		{40A04E29-E8F8-4552-9E8F-E197ADECAE36}.Debug|Any CPU.Build.0 = Debug|Any CPU
		{40A04E29-E8F8-4552-9E8F-E197ADECAE36}.Release|Any CPU.ActiveCfg = Release|Any CPU
		{40A04E29-E8F8-4552-9E8F-E197ADECAE36}.Release|Any CPU.Build.0 = Release|Any CPU
		{BD7CF8A0-CFAE-444B-9AC7-D9A76E0DAAFE}.Debug|Any CPU.ActiveCfg = Debug|Any CPU
		{BD7CF8A0-CFAE-444B-9AC7-D9A76E0DAAFE}.Debug|Any CPU.Build.0 = Debug|Any CPU
		{BD7CF8A0-CFAE-444B-9AC7-D9A76E0DAAFE}.Release|Any CPU.ActiveCfg = Release|Any CPU
		{BD7CF8A0-CFAE-444B-9AC7-D9A76E0DAAFE}.Release|Any CPU.Build.0 = Release|Any CPU
		{41747D90-648C-448A-B8C4-06C802670700}.Debug|Any CPU.ActiveCfg = Debug|Any CPU
		{41747D90-648C-448A-B8C4-06C802670700}.Debug|Any CPU.Build.0 = Debug|Any CPU
		{41747D90-648C-448A-B8C4-06C802670700}.Release|Any CPU.ActiveCfg = Release|Any CPU
		{41747D90-648C-448A-B8C4-06C802670700}.Release|Any CPU.Build.0 = Release|Any CPU
		{9E5252C2-93B0-4B3C-B3D8-5C8E847478BB}.Debug|Any CPU.ActiveCfg = Debug|Any CPU
		{9E5252C2-93B0-4B3C-B3D8-5C8E847478BB}.Debug|Any CPU.Build.0 = Debug|Any CPU
		{9E5252C2-93B0-4B3C-B3D8-5C8E847478BB}.Release|Any CPU.ActiveCfg = Release|Any CPU
		{9E5252C2-93B0-4B3C-B3D8-5C8E847478BB}.Release|Any CPU.Build.0 = Release|Any CPU
		{4DE7D887-9D7D-4A3D-81DF-427F79950BCC}.Debug|Any CPU.ActiveCfg = Debug|Any CPU
		{4DE7D887-9D7D-4A3D-81DF-427F79950BCC}.Debug|Any CPU.Build.0 = Debug|Any CPU
		{4DE7D887-9D7D-4A3D-81DF-427F79950BCC}.Release|Any CPU.ActiveCfg = Release|Any CPU
		{4DE7D887-9D7D-4A3D-81DF-427F79950BCC}.Release|Any CPU.Build.0 = Release|Any CPU
	EndGlobalSection
	GlobalSection(SolutionProperties) = preSolution
		HideSolutionNode = FALSE
	EndGlobalSection
	GlobalSection(ExtensibilityGlobals) = postSolution
		SolutionGuid = {483D442B-92B9-4147-8BA2-A1F83B777767}
	EndGlobalSection
EndGlobal
