
Microsoft Visual Studio Solution File, Format Version 12.00
# Visual Studio Version 16
VisualStudioVersion = 25.0.1705.3
MinimumVisualStudioVersion = 10.0.40219.1
Project("{FAE04EC0-301F-11D3-BF4B-00C04F79EFBC}") = "uzduotis01", "uzduotis01\uzduotis01.csproj", "{F9AD0C9E-D689-4896-AAE8-7231DCAC1AB0}"
EndProject
Global
	GlobalSection(SolutionConfigurationPlatforms) = preSolution
		Debug|Any CPU = Debug|Any CPU
		Release|Any CPU = Release|Any CPU
	EndGlobalSection
	GlobalSection(ProjectConfigurationPlatforms) = postSolution
		{F9AD0C9E-D689-4896-AAE8-7231DCAC1AB0}.Debug|Any CPU.ActiveCfg = Debug|Any CPU
		{F9AD0C9E-D689-4896-AAE8-7231DCAC1AB0}.Debug|Any CPU.Build.0 = Debug|Any CPU
		{F9AD0C9E-D689-4896-AAE8-7231DCAC1AB0}.Release|Any CPU.ActiveCfg = Release|Any CPU
		{F9AD0C9E-D689-4896-AAE8-7231DCAC1AB0}.Release|Any CPU.Build.0 = Release|Any CPU
	EndGlobalSection
	GlobalSection(SolutionProperties) = preSolution
		HideSolutionNode = FALSE
	EndGlobalSection
	GlobalSection(ExtensibilityGlobals) = postSolution
		SolutionGuid = {483D442B-92B9-4147-8BA2-A1F83B777767}
	EndGlobalSection
EndGlobal
